<?xml version="1.0" encoding="UTF-8"?>
<CodeBlocks_project_file>
	<FileVersion major="1" minor="6"/>
	<Project>
		<Option title="termchess"/>
		<Option makefile_is_custom="1"/>
		<Option compiler="clang"/>
		<Option virtualFolders="CMake Files\;CMake Files\corecommon\;CMake Files\..\;CMake Files\..\..\;CMake Files\..\..\..\;CMake Files\..\..\..\..\;CMake Files\..\..\..\..\usr\;CMake Files\..\..\..\..\usr\local\;CMake Files\..\..\..\..\usr\local\Cellar\;CMake Files\..\..\..\..\usr\local\Cellar\emscripten\;CMake Files\..\..\..\..\usr\local\Cellar\emscripten\2.0.10\;CMake Files\..\..\..\..\usr\local\Cellar\emscripten\2.0.10\libexec\;CMake Files\..\..\..\..\usr\local\Cellar\emscripten\2.0.10\libexec\cmake\;CMake Files\..\..\..\..\usr\local\Cellar\emscripten\2.0.10\libexec\cmake\Modules\;CMake Files\..\..\..\..\usr\local\Cellar\emscripten\2.0.10\libexec\cmake\Modules\Platform\;CMake Files\src\;"/>
		<Build>
			<Target title="all">
				<Option working_dir="/Users/thomasmarlowe/Documents/termchess/cmake-build-emscripten"/>
				<Option type="4"/>
				<MakeCommands>
					<Build command="/usr/bin/make -j16 -f &quot;/Users/thomasmarlowe/Documents/termchess/cmake-build-emscripten/Makefile&quot;  VERBOSE=1 all"/>
					<CompileFile command="/usr/bin/make -j16 -f &quot;/Users/thomasmarlowe/Documents/termchess/cmake-build-emscripten/Makefile&quot;  VERBOSE=1 &quot;$file&quot;"/>
					<Clean command="/usr/bin/make -j16 -f &quot;/Users/thomasmarlowe/Documents/termchess/cmake-build-emscripten/Makefile&quot;  VERBOSE=1 clean"/>
					<DistClean command="/usr/bin/make -j16 -f &quot;/Users/thomasmarlowe/Documents/termchess/cmake-build-emscripten/Makefile&quot;  VERBOSE=1 clean"/>
				</MakeCommands>
			</Target>
			<Target title="rebuild_cache">
				<Option working_dir="/Users/thomasmarlowe/Documents/termchess/cmake-build-emscripten"/>
				<Option type="4"/>
				<MakeCommands>
					<Build command="/usr/bin/make -j16 -f &quot;/Users/thomasmarlowe/Documents/termchess/cmake-build-emscripten/Makefile&quot;  VERBOSE=1 rebuild_cache"/>
					<CompileFile command="/usr/bin/make -j16 -f &quot;/Users/thomasmarlowe/Documents/termchess/cmake-build-emscripten/Makefile&quot;  VERBOSE=1 &quot;$file&quot;"/>
					<Clean command="/usr/bin/make -j16 -f &quot;/Users/thomasmarlowe/Documents/termchess/cmake-build-emscripten/Makefile&quot;  VERBOSE=1 clean"/>
					<DistClean command="/usr/bin/make -j16 -f &quot;/Users/thomasmarlowe/Documents/termchess/cmake-build-emscripten/Makefile&quot;  VERBOSE=1 clean"/>
				</MakeCommands>
			</Target>
			<Target title="edit_cache">
				<Option working_dir="/Users/thomasmarlowe/Documents/termchess/cmake-build-emscripten"/>
				<Option type="4"/>
				<MakeCommands>
					<Build command="/usr/bin/make -j16 -f &quot;/Users/thomasmarlowe/Documents/termchess/cmake-build-emscripten/Makefile&quot;  VERBOSE=1 edit_cache"/>
					<CompileFile command="/usr/bin/make -j16 -f &quot;/Users/thomasmarlowe/Documents/termchess/cmake-build-emscripten/Makefile&quot;  VERBOSE=1 &quot;$file&quot;"/>
					<Clean command="/usr/bin/make -j16 -f &quot;/Users/thomasmarlowe/Documents/termchess/cmake-build-emscripten/Makefile&quot;  VERBOSE=1 clean"/>
					<DistClean command="/usr/bin/make -j16 -f &quot;/Users/thomasmarlowe/Documents/termchess/cmake-build-emscripten/Makefile&quot;  VERBOSE=1 clean"/>
				</MakeCommands>
			</Target>
			<Target title="genheader_termchess">
				<Option working_dir="/Users/thomasmarlowe/Documents/termchess/cmake-build-emscripten"/>
				<Option type="4"/>
				<MakeCommands>
					<Build command="/usr/bin/make -j16 -f &quot;/Users/thomasmarlowe/Documents/termchess/cmake-build-emscripten/Makefile&quot;  VERBOSE=1 genheader_termchess"/>
					<CompileFile command="/usr/bin/make -j16 -f &quot;/Users/thomasmarlowe/Documents/termchess/cmake-build-emscripten/Makefile&quot;  VERBOSE=1 &quot;$file&quot;"/>
					<Clean command="/usr/bin/make -j16 -f &quot;/Users/thomasmarlowe/Documents/termchess/cmake-build-emscripten/Makefile&quot;  VERBOSE=1 clean"/>
					<DistClean command="/usr/bin/make -j16 -f &quot;/Users/thomasmarlowe/Documents/termchess/cmake-build-emscripten/Makefile&quot;  VERBOSE=1 clean"/>
				</MakeCommands>
			</Target>
			<Target title="termchess_server">
				<Option output="/Users/thomasmarlowe/Documents/termchess/cmake-build-emscripten/termchess_server.js" prefix_auto="0" extension_auto="0"/>
				<Option working_dir="/Users/thomasmarlowe/Documents/termchess/cmake-build-emscripten"/>
				<Option object_output="./"/>
				<Option type="1"/>
				<Option compiler="clang"/>
				<Compiler>
					<Add directory="/Users/thomasmarlowe/Documents/termchess/corecommon/src"/>
					<Add directory="/usr/local/Cellar/emscripten/2.0.10/libexec/system/include/SDL"/>
					<Add directory="/usr/local/Cellar/emscripten/2.0.10/libexec/system/include/libcxx"/>
					<Add directory="/usr/local/Cellar/emscripten/2.0.10/libexec/system/lib/libcxxabi/include"/>
					<Add directory="/usr/local/Cellar/emscripten/2.0.10/libexec/system/include/compat"/>
					<Add directory="/usr/local/Cellar/emscripten/2.0.10/libexec/system/include/libc"/>
					<Add directory="/usr/local/Cellar/emscripten/2.0.10/libexec/system/lib/libc/musl/arch/emscripten"/>
					<Add directory="/usr/local/Cellar/emscripten/2.0.10/libexec/system/local/include"/>
					<Add directory="/usr/local/Cellar/emscripten/2.0.10/libexec/system/include/SSE"/>
					<Add directory="/usr/local/Cellar/emscripten/2.0.10/libexec/system/include/neon"/>
					<Add directory="/usr/local/Cellar/emscripten/2.0.10/libexec/system/lib/compiler-rt/include"/>
					<Add directory="/usr/local/Cellar/emscripten/2.0.10/libexec/system/lib/libunwind/include"/>
					<Add directory="/usr/local/Cellar/emscripten/2.0.10/libexec/llvm/lib/clang/12.0.0/include"/>
					<Add directory="/usr/local/Cellar/emscripten/2.0.10/libexec/system/include"/>
				</Compiler>
				<MakeCommands>
					<Build command="/usr/bin/make -j16 -f &quot;/Users/thomasmarlowe/Documents/termchess/cmake-build-emscripten/Makefile&quot;  VERBOSE=1 termchess_server"/>
					<CompileFile command="/usr/bin/make -j16 -f &quot;/Users/thomasmarlowe/Documents/termchess/cmake-build-emscripten/Makefile&quot;  VERBOSE=1 &quot;$file&quot;"/>
					<Clean command="/usr/bin/make -j16 -f &quot;/Users/thomasmarlowe/Documents/termchess/cmake-build-emscripten/Makefile&quot;  VERBOSE=1 clean"/>
					<DistClean command="/usr/bin/make -j16 -f &quot;/Users/thomasmarlowe/Documents/termchess/cmake-build-emscripten/Makefile&quot;  VERBOSE=1 clean"/>
				</MakeCommands>
			</Target>
			<Target title="termchess_server/fast">
				<Option output="/Users/thomasmarlowe/Documents/termchess/cmake-build-emscripten/termchess_server.js" prefix_auto="0" extension_auto="0"/>
				<Option working_dir="/Users/thomasmarlowe/Documents/termchess/cmake-build-emscripten"/>
				<Option object_output="./"/>
				<Option type="1"/>
				<Option compiler="clang"/>
				<Compiler>
					<Add directory="/Users/thomasmarlowe/Documents/termchess/corecommon/src"/>
					<Add directory="/usr/local/Cellar/emscripten/2.0.10/libexec/system/include/SDL"/>
					<Add directory="/usr/local/Cellar/emscripten/2.0.10/libexec/system/include/libcxx"/>
					<Add directory="/usr/local/Cellar/emscripten/2.0.10/libexec/system/lib/libcxxabi/include"/>
					<Add directory="/usr/local/Cellar/emscripten/2.0.10/libexec/system/include/compat"/>
					<Add directory="/usr/local/Cellar/emscripten/2.0.10/libexec/system/include/libc"/>
					<Add directory="/usr/local/Cellar/emscripten/2.0.10/libexec/system/lib/libc/musl/arch/emscripten"/>
					<Add directory="/usr/local/Cellar/emscripten/2.0.10/libexec/system/local/include"/>
					<Add directory="/usr/local/Cellar/emscripten/2.0.10/libexec/system/include/SSE"/>
					<Add directory="/usr/local/Cellar/emscripten/2.0.10/libexec/system/include/neon"/>
					<Add directory="/usr/local/Cellar/emscripten/2.0.10/libexec/system/lib/compiler-rt/include"/>
					<Add directory="/usr/local/Cellar/emscripten/2.0.10/libexec/system/lib/libunwind/include"/>
					<Add directory="/usr/local/Cellar/emscripten/2.0.10/libexec/llvm/lib/clang/12.0.0/include"/>
					<Add directory="/usr/local/Cellar/emscripten/2.0.10/libexec/system/include"/>
				</Compiler>
				<MakeCommands>
					<Build command="/usr/bin/make -j16 -f &quot;/Users/thomasmarlowe/Documents/termchess/cmake-build-emscripten/Makefile&quot;  VERBOSE=1 termchess_server/fast"/>
					<CompileFile command="/usr/bin/make -j16 -f &quot;/Users/thomasmarlowe/Documents/termchess/cmake-build-emscripten/Makefile&quot;  VERBOSE=1 &quot;$file&quot;"/>
					<Clean command="/usr/bin/make -j16 -f &quot;/Users/thomasmarlowe/Documents/termchess/cmake-build-emscripten/Makefile&quot;  VERBOSE=1 clean"/>
					<DistClean command="/usr/bin/make -j16 -f &quot;/Users/thomasmarlowe/Documents/termchess/cmake-build-emscripten/Makefile&quot;  VERBOSE=1 clean"/>
				</MakeCommands>
			</Target>
			<Target title="termchess">
				<Option output="/Users/thomasmarlowe/Documents/termchess/cmake-build-emscripten/termchess.js" prefix_auto="0" extension_auto="0"/>
				<Option working_dir="/Users/thomasmarlowe/Documents/termchess/cmake-build-emscripten"/>
				<Option object_output="./"/>
				<Option type="1"/>
				<Option compiler="clang"/>
				<Compiler>
					<Add directory="/Users/thomasmarlowe/Documents/termchess/corecommon/src"/>
					<Add directory="/usr/local/Cellar/emscripten/2.0.10/libexec/system/include/SDL"/>
					<Add directory="/usr/local/Cellar/emscripten/2.0.10/libexec/system/include/libcxx"/>
					<Add directory="/usr/local/Cellar/emscripten/2.0.10/libexec/system/lib/libcxxabi/include"/>
					<Add directory="/usr/local/Cellar/emscripten/2.0.10/libexec/system/include/compat"/>
					<Add directory="/usr/local/Cellar/emscripten/2.0.10/libexec/system/include/libc"/>
					<Add directory="/usr/local/Cellar/emscripten/2.0.10/libexec/system/lib/libc/musl/arch/emscripten"/>
					<Add directory="/usr/local/Cellar/emscripten/2.0.10/libexec/system/local/include"/>
					<Add directory="/usr/local/Cellar/emscripten/2.0.10/libexec/system/include/SSE"/>
					<Add directory="/usr/local/Cellar/emscripten/2.0.10/libexec/system/include/neon"/>
					<Add directory="/usr/local/Cellar/emscripten/2.0.10/libexec/system/lib/compiler-rt/include"/>
					<Add directory="/usr/local/Cellar/emscripten/2.0.10/libexec/system/lib/libunwind/include"/>
					<Add directory="/usr/local/Cellar/emscripten/2.0.10/libexec/llvm/lib/clang/12.0.0/include"/>
					<Add directory="/usr/local/Cellar/emscripten/2.0.10/libexec/system/include"/>
				</Compiler>
				<MakeCommands>
					<Build command="/usr/bin/make -j16 -f &quot;/Users/thomasmarlowe/Documents/termchess/cmake-build-emscripten/Makefile&quot;  VERBOSE=1 termchess"/>
					<CompileFile command="/usr/bin/make -j16 -f &quot;/Users/thomasmarlowe/Documents/termchess/cmake-build-emscripten/Makefile&quot;  VERBOSE=1 &quot;$file&quot;"/>
					<Clean command="/usr/bin/make -j16 -f &quot;/Users/thomasmarlowe/Documents/termchess/cmake-build-emscripten/Makefile&quot;  VERBOSE=1 clean"/>
					<DistClean command="/usr/bin/make -j16 -f &quot;/Users/thomasmarlowe/Documents/termchess/cmake-build-emscripten/Makefile&quot;  VERBOSE=1 clean"/>
				</MakeCommands>
			</Target>
			<Target title="termchess/fast">
				<Option output="/Users/thomasmarlowe/Documents/termchess/cmake-build-emscripten/termchess.js" prefix_auto="0" extension_auto="0"/>
				<Option working_dir="/Users/thomasmarlowe/Documents/termchess/cmake-build-emscripten"/>
				<Option object_output="./"/>
				<Option type="1"/>
				<Option compiler="clang"/>
				<Compiler>
					<Add directory="/Users/thomasmarlowe/Documents/termchess/corecommon/src"/>
					<Add directory="/usr/local/Cellar/emscripten/2.0.10/libexec/system/include/SDL"/>
					<Add directory="/usr/local/Cellar/emscripten/2.0.10/libexec/system/include/libcxx"/>
					<Add directory="/usr/local/Cellar/emscripten/2.0.10/libexec/system/lib/libcxxabi/include"/>
					<Add directory="/usr/local/Cellar/emscripten/2.0.10/libexec/system/include/compat"/>
					<Add directory="/usr/local/Cellar/emscripten/2.0.10/libexec/system/include/libc"/>
					<Add directory="/usr/local/Cellar/emscripten/2.0.10/libexec/system/lib/libc/musl/arch/emscripten"/>
					<Add directory="/usr/local/Cellar/emscripten/2.0.10/libexec/system/local/include"/>
					<Add directory="/usr/local/Cellar/emscripten/2.0.10/libexec/system/include/SSE"/>
					<Add directory="/usr/local/Cellar/emscripten/2.0.10/libexec/system/include/neon"/>
					<Add directory="/usr/local/Cellar/emscripten/2.0.10/libexec/system/lib/compiler-rt/include"/>
					<Add directory="/usr/local/Cellar/emscripten/2.0.10/libexec/system/lib/libunwind/include"/>
					<Add directory="/usr/local/Cellar/emscripten/2.0.10/libexec/llvm/lib/clang/12.0.0/include"/>
					<Add directory="/usr/local/Cellar/emscripten/2.0.10/libexec/system/include"/>
				</Compiler>
				<MakeCommands>
					<Build command="/usr/bin/make -j16 -f &quot;/Users/thomasmarlowe/Documents/termchess/cmake-build-emscripten/Makefile&quot;  VERBOSE=1 termchess/fast"/>
					<CompileFile command="/usr/bin/make -j16 -f &quot;/Users/thomasmarlowe/Documents/termchess/cmake-build-emscripten/Makefile&quot;  VERBOSE=1 &quot;$file&quot;"/>
					<Clean command="/usr/bin/make -j16 -f &quot;/Users/thomasmarlowe/Documents/termchess/cmake-build-emscripten/Makefile&quot;  VERBOSE=1 clean"/>
					<DistClean command="/usr/bin/make -j16 -f &quot;/Users/thomasmarlowe/Documents/termchess/cmake-build-emscripten/Makefile&quot;  VERBOSE=1 clean"/>
				</MakeCommands>
			</Target>
			<Target title="genheader_corecommon">
				<Option working_dir="/Users/thomasmarlowe/Documents/termchess/cmake-build-emscripten/corecommon"/>
				<Option type="4"/>
				<MakeCommands>
					<Build command="/usr/bin/make -j16 -f &quot;/Users/thomasmarlowe/Documents/termchess/cmake-build-emscripten/corecommon/Makefile&quot;  VERBOSE=1 genheader_corecommon"/>
					<CompileFile command="/usr/bin/make -j16 -f &quot;/Users/thomasmarlowe/Documents/termchess/cmake-build-emscripten/corecommon/Makefile&quot;  VERBOSE=1 &quot;$file&quot;"/>
					<Clean command="/usr/bin/make -j16 -f &quot;/Users/thomasmarlowe/Documents/termchess/cmake-build-emscripten/corecommon/Makefile&quot;  VERBOSE=1 clean"/>
					<DistClean command="/usr/bin/make -j16 -f &quot;/Users/thomasmarlowe/Documents/termchess/cmake-build-emscripten/corecommon/Makefile&quot;  VERBOSE=1 clean"/>
				</MakeCommands>
			</Target>
			<Target title="headergen">
				<Option output="/Users/thomasmarlowe/Documents/termchess/cmake-build-emscripten/corecommon/headergen.js" prefix_auto="0" extension_auto="0"/>
				<Option working_dir="/Users/thomasmarlowe/Documents/termchess/cmake-build-emscripten/corecommon"/>
				<Option object_output="./"/>
				<Option type="1"/>
				<Option compiler="clang"/>
				<Compiler>
					<Add directory="/usr/local/Cellar/emscripten/2.0.10/libexec/system/include/SDL"/>
					<Add directory="/usr/local/Cellar/emscripten/2.0.10/libexec/system/include/libcxx"/>
					<Add directory="/usr/local/Cellar/emscripten/2.0.10/libexec/system/lib/libcxxabi/include"/>
					<Add directory="/usr/local/Cellar/emscripten/2.0.10/libexec/system/include/compat"/>
					<Add directory="/usr/local/Cellar/emscripten/2.0.10/libexec/system/include/libc"/>
					<Add directory="/usr/local/Cellar/emscripten/2.0.10/libexec/system/lib/libc/musl/arch/emscripten"/>
					<Add directory="/usr/local/Cellar/emscripten/2.0.10/libexec/system/local/include"/>
					<Add directory="/usr/local/Cellar/emscripten/2.0.10/libexec/system/include/SSE"/>
					<Add directory="/usr/local/Cellar/emscripten/2.0.10/libexec/system/include/neon"/>
					<Add directory="/usr/local/Cellar/emscripten/2.0.10/libexec/system/lib/compiler-rt/include"/>
					<Add directory="/usr/local/Cellar/emscripten/2.0.10/libexec/system/lib/libunwind/include"/>
					<Add directory="/usr/local/Cellar/emscripten/2.0.10/libexec/llvm/lib/clang/12.0.0/include"/>
					<Add directory="/usr/local/Cellar/emscripten/2.0.10/libexec/system/include"/>
				</Compiler>
				<MakeCommands>
					<Build command="/usr/bin/make -j16 -f &quot;/Users/thomasmarlowe/Documents/termchess/cmake-build-emscripten/corecommon/Makefile&quot;  VERBOSE=1 headergen"/>
					<CompileFile command="/usr/bin/make -j16 -f &quot;/Users/thomasmarlowe/Documents/termchess/cmake-build-emscripten/corecommon/Makefile&quot;  VERBOSE=1 &quot;$file&quot;"/>
					<Clean command="/usr/bin/make -j16 -f &quot;/Users/thomasmarlowe/Documents/termchess/cmake-build-emscripten/corecommon/Makefile&quot;  VERBOSE=1 clean"/>
					<DistClean command="/usr/bin/make -j16 -f &quot;/Users/thomasmarlowe/Documents/termchess/cmake-build-emscripten/corecommon/Makefile&quot;  VERBOSE=1 clean"/>
				</MakeCommands>
			</Target>
			<Target title="headergen/fast">
				<Option output="/Users/thomasmarlowe/Documents/termchess/cmake-build-emscripten/corecommon/headergen.js" prefix_auto="0" extension_auto="0"/>
				<Option working_dir="/Users/thomasmarlowe/Documents/termchess/cmake-build-emscripten/corecommon"/>
				<Option object_output="./"/>
				<Option type="1"/>
				<Option compiler="clang"/>
				<Compiler>
					<Add directory="/usr/local/Cellar/emscripten/2.0.10/libexec/system/include/SDL"/>
					<Add directory="/usr/local/Cellar/emscripten/2.0.10/libexec/system/include/libcxx"/>
					<Add directory="/usr/local/Cellar/emscripten/2.0.10/libexec/system/lib/libcxxabi/include"/>
					<Add directory="/usr/local/Cellar/emscripten/2.0.10/libexec/system/include/compat"/>
					<Add directory="/usr/local/Cellar/emscripten/2.0.10/libexec/system/include/libc"/>
					<Add directory="/usr/local/Cellar/emscripten/2.0.10/libexec/system/lib/libc/musl/arch/emscripten"/>
					<Add directory="/usr/local/Cellar/emscripten/2.0.10/libexec/system/local/include"/>
					<Add directory="/usr/local/Cellar/emscripten/2.0.10/libexec/system/include/SSE"/>
					<Add directory="/usr/local/Cellar/emscripten/2.0.10/libexec/system/include/neon"/>
					<Add directory="/usr/local/Cellar/emscripten/2.0.10/libexec/system/lib/compiler-rt/include"/>
					<Add directory="/usr/local/Cellar/emscripten/2.0.10/libexec/system/lib/libunwind/include"/>
					<Add directory="/usr/local/Cellar/emscripten/2.0.10/libexec/llvm/lib/clang/12.0.0/include"/>
					<Add directory="/usr/local/Cellar/emscripten/2.0.10/libexec/system/include"/>
				</Compiler>
				<MakeCommands>
					<Build command="/usr/bin/make -j16 -f &quot;/Users/thomasmarlowe/Documents/termchess/cmake-build-emscripten/corecommon/Makefile&quot;  VERBOSE=1 headergen/fast"/>
					<CompileFile command="/usr/bin/make -j16 -f &quot;/Users/thomasmarlowe/Documents/termchess/cmake-build-emscripten/corecommon/Makefile&quot;  VERBOSE=1 &quot;$file&quot;"/>
					<Clean command="/usr/bin/make -j16 -f &quot;/Users/thomasmarlowe/Documents/termchess/cmake-build-emscripten/corecommon/Makefile&quot;  VERBOSE=1 clean"/>
					<DistClean command="/usr/bin/make -j16 -f &quot;/Users/thomasmarlowe/Documents/termchess/cmake-build-emscripten/corecommon/Makefile&quot;  VERBOSE=1 clean"/>
				</MakeCommands>
			</Target>
			<Target title="corecommon">
				<Option output="/Users/thomasmarlowe/Documents/termchess/cmake-build-emscripten/corecommon/libcorecommon.a" prefix_auto="0" extension_auto="0"/>
				<Option working_dir="/Users/thomasmarlowe/Documents/termchess/cmake-build-emscripten/corecommon"/>
				<Option object_output="./"/>
				<Option type="2"/>
				<Option compiler="clang"/>
				<Compiler>
					<Add directory="/usr/local/Cellar/emscripten/2.0.10/libexec/system/include/SDL"/>
					<Add directory="/usr/local/Cellar/emscripten/2.0.10/libexec/system/include/libcxx"/>
					<Add directory="/usr/local/Cellar/emscripten/2.0.10/libexec/system/lib/libcxxabi/include"/>
					<Add directory="/usr/local/Cellar/emscripten/2.0.10/libexec/system/include/compat"/>
					<Add directory="/usr/local/Cellar/emscripten/2.0.10/libexec/system/include/libc"/>
					<Add directory="/usr/local/Cellar/emscripten/2.0.10/libexec/system/lib/libc/musl/arch/emscripten"/>
					<Add directory="/usr/local/Cellar/emscripten/2.0.10/libexec/system/local/include"/>
					<Add directory="/usr/local/Cellar/emscripten/2.0.10/libexec/system/include/SSE"/>
					<Add directory="/usr/local/Cellar/emscripten/2.0.10/libexec/system/include/neon"/>
					<Add directory="/usr/local/Cellar/emscripten/2.0.10/libexec/system/lib/compiler-rt/include"/>
					<Add directory="/usr/local/Cellar/emscripten/2.0.10/libexec/system/lib/libunwind/include"/>
					<Add directory="/usr/local/Cellar/emscripten/2.0.10/libexec/llvm/lib/clang/12.0.0/include"/>
					<Add directory="/usr/local/Cellar/emscripten/2.0.10/libexec/system/include"/>
				</Compiler>
				<MakeCommands>
					<Build command="/usr/bin/make -j16 -f &quot;/Users/thomasmarlowe/Documents/termchess/cmake-build-emscripten/corecommon/Makefile&quot;  VERBOSE=1 corecommon"/>
					<CompileFile command="/usr/bin/make -j16 -f &quot;/Users/thomasmarlowe/Documents/termchess/cmake-build-emscripten/corecommon/Makefile&quot;  VERBOSE=1 &quot;$file&quot;"/>
					<Clean command="/usr/bin/make -j16 -f &quot;/Users/thomasmarlowe/Documents/termchess/cmake-build-emscripten/corecommon/Makefile&quot;  VERBOSE=1 clean"/>
					<DistClean command="/usr/bin/make -j16 -f &quot;/Users/thomasmarlowe/Documents/termchess/cmake-build-emscripten/corecommon/Makefile&quot;  VERBOSE=1 clean"/>
				</MakeCommands>
			</Target>
			<Target title="corecommon/fast">
				<Option output="/Users/thomasmarlowe/Documents/termchess/cmake-build-emscripten/corecommon/libcorecommon.a" prefix_auto="0" extension_auto="0"/>
				<Option working_dir="/Users/thomasmarlowe/Documents/termchess/cmake-build-emscripten/corecommon"/>
				<Option object_output="./"/>
				<Option type="2"/>
				<Option compiler="clang"/>
				<Compiler>
					<Add directory="/usr/local/Cellar/emscripten/2.0.10/libexec/system/include/SDL"/>
					<Add directory="/usr/local/Cellar/emscripten/2.0.10/libexec/system/include/libcxx"/>
					<Add directory="/usr/local/Cellar/emscripten/2.0.10/libexec/system/lib/libcxxabi/include"/>
					<Add directory="/usr/local/Cellar/emscripten/2.0.10/libexec/system/include/compat"/>
					<Add directory="/usr/local/Cellar/emscripten/2.0.10/libexec/system/include/libc"/>
					<Add directory="/usr/local/Cellar/emscripten/2.0.10/libexec/system/lib/libc/musl/arch/emscripten"/>
					<Add directory="/usr/local/Cellar/emscripten/2.0.10/libexec/system/local/include"/>
					<Add directory="/usr/local/Cellar/emscripten/2.0.10/libexec/system/include/SSE"/>
					<Add directory="/usr/local/Cellar/emscripten/2.0.10/libexec/system/include/neon"/>
					<Add directory="/usr/local/Cellar/emscripten/2.0.10/libexec/system/lib/compiler-rt/include"/>
					<Add directory="/usr/local/Cellar/emscripten/2.0.10/libexec/system/lib/libunwind/include"/>
					<Add directory="/usr/local/Cellar/emscripten/2.0.10/libexec/llvm/lib/clang/12.0.0/include"/>
					<Add directory="/usr/local/Cellar/emscripten/2.0.10/libexec/system/include"/>
				</Compiler>
				<MakeCommands>
					<Build command="/usr/bin/make -j16 -f &quot;/Users/thomasmarlowe/Documents/termchess/cmake-build-emscripten/corecommon/Makefile&quot;  VERBOSE=1 corecommon/fast"/>
					<CompileFile command="/usr/bin/make -j16 -f &quot;/Users/thomasmarlowe/Documents/termchess/cmake-build-emscripten/corecommon/Makefile&quot;  VERBOSE=1 &quot;$file&quot;"/>
					<Clean command="/usr/bin/make -j16 -f &quot;/Users/thomasmarlowe/Documents/termchess/cmake-build-emscripten/corecommon/Makefile&quot;  VERBOSE=1 clean"/>
					<DistClean command="/usr/bin/make -j16 -f &quot;/Users/thomasmarlowe/Documents/termchess/cmake-build-emscripten/corecommon/Makefile&quot;  VERBOSE=1 clean"/>
				</MakeCommands>
			</Target>
		</Build>
		<Unit filename="/Users/thomasmarlowe/Documents/termchess/corecommon/headergen/headergen.c">
			<Option target="headergen"/>
		</Unit>
		<Unit filename="/Users/thomasmarlowe/Documents/termchess/corecommon/src/cfg.c">
			<Option target="corecommon"/>
		</Unit>
		<Unit filename="/Users/thomasmarlowe/Documents/termchess/corecommon/src/cfg.h">
			<Option target="corecommon"/>
		</Unit>
		<Unit filename="/Users/thomasmarlowe/Documents/termchess/corecommon/src/cyclingindex.c">
			<Option target="corecommon"/>
		</Unit>
		<Unit filename="/Users/thomasmarlowe/Documents/termchess/corecommon/src/cyclingindex.h">
			<Option target="corecommon"/>
		</Unit>
		<Unit filename="/Users/thomasmarlowe/Documents/termchess/corecommon/src/field.c">
			<Option target="corecommon"/>
		</Unit>
		<Unit filename="/Users/thomasmarlowe/Documents/termchess/corecommon/src/field.h">
			<Option target="corecommon"/>
		</Unit>
		<Unit filename="/Users/thomasmarlowe/Documents/termchess/corecommon/src/filemap.c">
			<Option target="corecommon"/>
		</Unit>
		<Unit filename="/Users/thomasmarlowe/Documents/termchess/corecommon/src/filemap.h">
			<Option target="corecommon"/>
		</Unit>
		<Unit filename="/Users/thomasmarlowe/Documents/termchess/corecommon/src/hashtable.c">
			<Option target="headergen"/>
			<Option target="corecommon"/>
		</Unit>
		<Unit filename="/Users/thomasmarlowe/Documents/termchess/corecommon/src/hashtable.h">
			<Option target="corecommon"/>
		</Unit>
		<Unit filename="/Users/thomasmarlowe/Documents/termchess/corecommon/src/locktable.c">
			<Option target="corecommon"/>
		</Unit>
		<Unit filename="/Users/thomasmarlowe/Documents/termchess/corecommon/src/locktable.h">
			<Option target="corecommon"/>
		</Unit>
		<Unit filename="/Users/thomasmarlowe/Documents/termchess/corecommon/src/mat.c">
			<Option target="corecommon"/>
		</Unit>
		<Unit filename="/Users/thomasmarlowe/Documents/termchess/corecommon/src/mat.h">
			<Option target="corecommon"/>
		</Unit>
		<Unit filename="/Users/thomasmarlowe/Documents/termchess/corecommon/src/portableendian.h">
			<Option target="corecommon"/>
		</Unit>
		<Unit filename="/Users/thomasmarlowe/Documents/termchess/corecommon/src/rwlock.c">
			<Option target="headergen"/>
			<Option target="corecommon"/>
		</Unit>
		<Unit filename="/Users/thomasmarlowe/Documents/termchess/corecommon/src/rwlock.h">
			<Option target="corecommon"/>
		</Unit>
		<Unit filename="/Users/thomasmarlowe/Documents/termchess/corecommon/src/siphash.c">
			<Option target="headergen"/>
			<Option target="corecommon"/>
		</Unit>
		<Unit filename="/Users/thomasmarlowe/Documents/termchess/corecommon/src/siphash.h">
			<Option target="corecommon"/>
		</Unit>
		<Unit filename="/Users/thomasmarlowe/Documents/termchess/corecommon/src/sparsemat.c">
			<Option target="corecommon"/>
		</Unit>
		<Unit filename="/Users/thomasmarlowe/Documents/termchess/corecommon/src/sparsemat.h">
			<Option target="corecommon"/>
		</Unit>
		<Unit filename="/Users/thomasmarlowe/Documents/termchess/corecommon/src/stb_image.h">
			<Option target="corecommon"/>
		</Unit>
		<Unit filename="/Users/thomasmarlowe/Documents/termchess/corecommon/src/str.c">
			<Option target="corecommon"/>
		</Unit>
		<Unit filename="/Users/thomasmarlowe/Documents/termchess/corecommon/src/str.h">
			<Option target="corecommon"/>
		</Unit>
		<Unit filename="/Users/thomasmarlowe/Documents/termchess/corecommon/src/template.c">
			<Option target="corecommon"/>
		</Unit>
		<Unit filename="/Users/thomasmarlowe/Documents/termchess/corecommon/src/template.h">
			<Option target="corecommon"/>
		</Unit>
		<Unit filename="/Users/thomasmarlowe/Documents/termchess/corecommon/src/threads.h">
			<Option target="corecommon"/>
		</Unit>
		<Unit filename="/Users/thomasmarlowe/Documents/termchess/corecommon/src/tinydir.h">
			<Option target="corecommon"/>
		</Unit>
		<Unit filename="/Users/thomasmarlowe/Documents/termchess/corecommon/src/util.c">
			<Option target="headergen"/>
			<Option target="corecommon"/>
		</Unit>
		<Unit filename="/Users/thomasmarlowe/Documents/termchess/corecommon/src/util.h">
			<Option target="corecommon"/>
		</Unit>
		<Unit filename="/Users/thomasmarlowe/Documents/termchess/corecommon/src/vector.c">
			<Option target="headergen"/>
			<Option target="corecommon"/>
		</Unit>
		<Unit filename="/Users/thomasmarlowe/Documents/termchess/corecommon/src/vector.h">
			<Option target="corecommon"/>
		</Unit>
		<Unit filename="/Users/thomasmarlowe/Documents/termchess/src/ai.c">
			<Option target="termchess_server"/>
			<Option target="termchess"/>
		</Unit>
		<Unit filename="/Users/thomasmarlowe/Documents/termchess/src/ai.h">
			<Option target="termchess_server"/>
			<Option target="termchess"/>
		</Unit>
		<Unit filename="/Users/thomasmarlowe/Documents/termchess/src/chess.c">
			<Option target="termchess_server"/>
			<Option target="termchess"/>
		</Unit>
		<Unit filename="/Users/thomasmarlowe/Documents/termchess/src/chess.h">
			<Option target="termchess_server"/>
			<Option target="termchess"/>
		</Unit>
		<Unit filename="/Users/thomasmarlowe/Documents/termchess/src/chessfrontend.c">
			<Option target="termchess_server"/>
			<Option target="termchess"/>
		</Unit>
		<Unit filename="/Users/thomasmarlowe/Documents/termchess/src/chessfrontend.h">
			<Option target="termchess_server"/>
			<Option target="termchess"/>
		</Unit>
		<Unit filename="/Users/thomasmarlowe/Documents/termchess/src/imwasm.c">
			<Option target="termchess"/>
		</Unit>
		<Unit filename="/Users/thomasmarlowe/Documents/termchess/src/imwasm.h">
			<Option target="termchess"/>
		</Unit>
		<Unit filename="/Users/thomasmarlowe/Documents/termchess/src/main_em.c">
			<Option target="termchess"/>
		</Unit>
		<Unit filename="/Users/thomasmarlowe/Documents/termchess/src/network.c">
			<Option target="termchess_server"/>
			<Option target="termchess"/>
		</Unit>
		<Unit filename="/Users/thomasmarlowe/Documents/termchess/src/network.h">
			<Option target="termchess_server"/>
			<Option target="termchess"/>
		</Unit>
		<Unit filename="/Users/thomasmarlowe/Documents/termchess/src/server.c">
			<Option target="termchess_server"/>
		</Unit>
		<Unit filename="/Users/thomasmarlowe/Documents/termchess/CMakeLists.txt">
			<Option virtualFolder="CMake Files\"/>
		</Unit>
		<Unit filename="/Users/thomasmarlowe/Documents/termchess/corecommon/CMakeLists.txt">
			<Option virtualFolder="CMake Files\corecommon\"/>
		</Unit>
		<Unit filename="/Users/thomasmarlowe/Documents/termchess/../../../../usr/local/Cellar/emscripten/2.0.10/libexec/cmake/Modules/CMakeSystemSpecificInformation.cmake">
			<Option virtualFolder="CMake Files\..\..\..\..\usr\local\Cellar\emscripten\2.0.10\libexec\cmake\Modules\"/>
		</Unit>
		<Unit filename="/Users/thomasmarlowe/Documents/termchess/../../../../usr/local/Cellar/emscripten/2.0.10/libexec/cmake/Modules/Platform/Emscripten.cmake">
			<Option virtualFolder="CMake Files\..\..\..\..\usr\local\Cellar\emscripten\2.0.10\libexec\cmake\Modules\Platform\"/>
		</Unit>
		<Unit filename="/Users/thomasmarlowe/Documents/termchess/src/index.html">
			<Option virtualFolder="CMake Files\src\"/>
		</Unit>
	</Project>
</CodeBlocks_project_file>
